
Microsoft Visual Studio Solution File, Format Version 12.00
# Visual Studio Version 16
VisualStudioVersion = 16.0.31321.278
MinimumVisualStudioVersion = 10.0.40219.1
Project("{9A19103F-16F7-4668-BE54-9A1E7A4F7556}") = "Exercicio01", "Exercicio01\Exercicio01.csproj", "{78A24320-D78C-4A24-9FC9-B04BCD6C44F4}"
EndProject
Project("{9A19103F-16F7-4668-BE54-9A1E7A4F7556}") = "Exemplo02", "Exemplo02\Exemplo02.csproj", "{A1DCFBE9-7403-4FA7-98E1-7A0E041FE549}"
EndProject
Project("{9A19103F-16F7-4668-BE54-9A1E7A4F7556}") = "Exemplo03_Conversao", "Exemplo03_Conversao\Exemplo03_Conversao.csproj", "{8254084A-FFEE-4466-BDB4-58C4FD447913}"
EndProject
Project("{9A19103F-16F7-4668-BE54-9A1E7A4F7556}") = "Exercicio_Jogo", "Exercicio_Jogo\Exercicio_Jogo.csproj", "{9FAF9C47-510B-4A29-917D-D236F570C4CF}"
EndProject
Project("{9A19103F-16F7-4668-BE54-9A1E7A4F7556}") = "Exercicio_Produtos", "Exercicio_Produtos\Exercicio_Produtos.csproj", "{AED6E197-970F-498C-8EC0-EDE0BE4148F4}"
EndProject
Project("{9A19103F-16F7-4668-BE54-9A1E7A4F7556}") = "ExercicioNumerosIf", "ExercicioNumerosIf\ExercicioNumerosIf.csproj", "{9BFB3E8B-C22A-4BE4-8CE3-87652FACF3A9}"
EndProject
Project("{9A19103F-16F7-4668-BE54-9A1E7A4F7556}") = "ExemploSeparandoEmClasses", "ExemploSeparandoEmClasses\ExemploSeparandoEmClasses.csproj", "{68F9E9B9-8C3F-410C-8A04-CFF73AE0C58F}"
EndProject
Project("{9A19103F-16F7-4668-BE54-9A1E7A4F7556}") = "Util", "uTIL\Util.csproj", "{D29CAC12-3D94-45EC-9DBB-6B0399409448}"
EndProject
Project("{9A19103F-16F7-4668-BE54-9A1E7A4F7556}") = "ExerciciosWhile", "ExerciciosWhile\ExerciciosWhile.csproj", "{45DF9602-0CF9-4718-8317-97FD3C34026F}"
EndProject
Project("{9A19103F-16F7-4668-BE54-9A1E7A4F7556}") = "ExerciciosFor", "ExerciciosFor\ExerciciosFor.csproj", "{DB6182F6-5591-4556-AA06-8F8526173885}"
EndProject
Project("{9A19103F-16F7-4668-BE54-9A1E7A4F7556}") = "ExercíciosVectorFor", "ExercíciosVectorFor\ExercíciosVectorFor.csproj", "{1F9851D5-4E55-4FA6-B5DD-D5DC1EBF6CCF}"
EndProject
Project("{FAE04EC0-301F-11D3-BF4B-00C04F79EFBC}") = "ProjetoWindowsForms", "ProjetoWindowsForms\ProjetoWindowsForms.csproj", "{63F29819-1333-4DB4-9ED1-5A5D51916A69}"
EndProject
Global
	GlobalSection(SolutionConfigurationPlatforms) = preSolution
		Debug|Any CPU = Debug|Any CPU
		Debug|x64 = Debug|x64
		Debug|x86 = Debug|x86
		Release|Any CPU = Release|Any CPU
		Release|x64 = Release|x64
		Release|x86 = Release|x86
	EndGlobalSection
	GlobalSection(ProjectConfigurationPlatforms) = postSolution
		{78A24320-D78C-4A24-9FC9-B04BCD6C44F4}.Debug|Any CPU.ActiveCfg = Debug|Any CPU
		{78A24320-D78C-4A24-9FC9-B04BCD6C44F4}.Debug|Any CPU.Build.0 = Debug|Any CPU
		{78A24320-D78C-4A24-9FC9-B04BCD6C44F4}.Debug|x64.ActiveCfg = Debug|Any CPU
		{78A24320-D78C-4A24-9FC9-B04BCD6C44F4}.Debug|x64.Build.0 = Debug|Any CPU
		{78A24320-D78C-4A24-9FC9-B04BCD6C44F4}.Debug|x86.ActiveCfg = Debug|Any CPU
		{78A24320-D78C-4A24-9FC9-B04BCD6C44F4}.Debug|x86.Build.0 = Debug|Any CPU
		{78A24320-D78C-4A24-9FC9-B04BCD6C44F4}.Release|Any CPU.ActiveCfg = Release|Any CPU
		{78A24320-D78C-4A24-9FC9-B04BCD6C44F4}.Release|Any CPU.Build.0 = Release|Any CPU
		{78A24320-D78C-4A24-9FC9-B04BCD6C44F4}.Release|x64.ActiveCfg = Release|Any CPU
		{78A24320-D78C-4A24-9FC9-B04BCD6C44F4}.Release|x64.Build.0 = Release|Any CPU
		{78A24320-D78C-4A24-9FC9-B04BCD6C44F4}.Release|x86.ActiveCfg = Release|Any CPU
		{78A24320-D78C-4A24-9FC9-B04BCD6C44F4}.Release|x86.Build.0 = Release|Any CPU
		{A1DCFBE9-7403-4FA7-98E1-7A0E041FE549}.Debug|Any CPU.ActiveCfg = Debug|Any CPU
		{A1DCFBE9-7403-4FA7-98E1-7A0E041FE549}.Debug|Any CPU.Build.0 = Debug|Any CPU
		{A1DCFBE9-7403-4FA7-98E1-7A0E041FE549}.Debug|x64.ActiveCfg = Debug|Any CPU
		{A1DCFBE9-7403-4FA7-98E1-7A0E041FE549}.Debug|x64.Build.0 = Debug|Any CPU
		{A1DCFBE9-7403-4FA7-98E1-7A0E041FE549}.Debug|x86.ActiveCfg = Debug|Any CPU
		{A1DCFBE9-7403-4FA7-98E1-7A0E041FE549}.Debug|x86.Build.0 = Debug|Any CPU
		{A1DCFBE9-7403-4FA7-98E1-7A0E041FE549}.Release|Any CPU.ActiveCfg = Release|Any CPU
		{A1DCFBE9-7403-4FA7-98E1-7A0E041FE549}.Release|Any CPU.Build.0 = Release|Any CPU
		{A1DCFBE9-7403-4FA7-98E1-7A0E041FE549}.Release|x64.ActiveCfg = Release|Any CPU
		{A1DCFBE9-7403-4FA7-98E1-7A0E041FE549}.Release|x64.Build.0 = Release|Any CPU
		{A1DCFBE9-7403-4FA7-98E1-7A0E041FE549}.Release|x86.ActiveCfg = Release|Any CPU
		{A1DCFBE9-7403-4FA7-98E1-7A0E041FE549}.Release|x86.Build.0 = Release|Any CPU
		{8254084A-FFEE-4466-BDB4-58C4FD447913}.Debug|Any CPU.ActiveCfg = Debug|Any CPU
		{8254084A-FFEE-4466-BDB4-58C4FD447913}.Debug|Any CPU.Build.0 = Debug|Any CPU
		{8254084A-FFEE-4466-BDB4-58C4FD447913}.Debug|x64.ActiveCfg = Debug|Any CPU
		{8254084A-FFEE-4466-BDB4-58C4FD447913}.Debug|x64.Build.0 = Debug|Any CPU
		{8254084A-FFEE-4466-BDB4-58C4FD447913}.Debug|x86.ActiveCfg = Debug|Any CPU
		{8254084A-FFEE-4466-BDB4-58C4FD447913}.Debug|x86.Build.0 = Debug|Any CPU
		{8254084A-FFEE-4466-BDB4-58C4FD447913}.Release|Any CPU.ActiveCfg = Release|Any CPU
		{8254084A-FFEE-4466-BDB4-58C4FD447913}.Release|Any CPU.Build.0 = Release|Any CPU
		{8254084A-FFEE-4466-BDB4-58C4FD447913}.Release|x64.ActiveCfg = Release|Any CPU
		{8254084A-FFEE-4466-BDB4-58C4FD447913}.Release|x64.Build.0 = Release|Any CPU
		{8254084A-FFEE-4466-BDB4-58C4FD447913}.Release|x86.ActiveCfg = Release|Any CPU
		{8254084A-FFEE-4466-BDB4-58C4FD447913}.Release|x86.Build.0 = Release|Any CPU
		{9FAF9C47-510B-4A29-917D-D236F570C4CF}.Debug|Any CPU.ActiveCfg = Debug|Any CPU
		{9FAF9C47-510B-4A29-917D-D236F570C4CF}.Debug|Any CPU.Build.0 = Debug|Any CPU
		{9FAF9C47-510B-4A29-917D-D236F570C4CF}.Debug|x64.ActiveCfg = Debug|Any CPU
		{9FAF9C47-510B-4A29-917D-D236F570C4CF}.Debug|x64.Build.0 = Debug|Any CPU
		{9FAF9C47-510B-4A29-917D-D236F570C4CF}.Debug|x86.ActiveCfg = Debug|Any CPU
		{9FAF9C47-510B-4A29-917D-D236F570C4CF}.Debug|x86.Build.0 = Debug|Any CPU
		{9FAF9C47-510B-4A29-917D-D236F570C4CF}.Release|Any CPU.ActiveCfg = Release|Any CPU
		{9FAF9C47-510B-4A29-917D-D236F570C4CF}.Release|Any CPU.Build.0 = Release|Any CPU
		{9FAF9C47-510B-4A29-917D-D236F570C4CF}.Release|x64.ActiveCfg = Release|Any CPU
		{9FAF9C47-510B-4A29-917D-D236F570C4CF}.Release|x64.Build.0 = Release|Any CPU
		{9FAF9C47-510B-4A29-917D-D236F570C4CF}.Release|x86.ActiveCfg = Release|Any CPU
		{9FAF9C47-510B-4A29-917D-D236F570C4CF}.Release|x86.Build.0 = Release|Any CPU
		{AED6E197-970F-498C-8EC0-EDE0BE4148F4}.Debug|Any CPU.ActiveCfg = Debug|Any CPU
		{AED6E197-970F-498C-8EC0-EDE0BE4148F4}.Debug|Any CPU.Build.0 = Debug|Any CPU
		{AED6E197-970F-498C-8EC0-EDE0BE4148F4}.Debug|x64.ActiveCfg = Debug|Any CPU
		{AED6E197-970F-498C-8EC0-EDE0BE4148F4}.Debug|x64.Build.0 = Debug|Any CPU
		{AED6E197-970F-498C-8EC0-EDE0BE4148F4}.Debug|x86.ActiveCfg = Debug|Any CPU
		{AED6E197-970F-498C-8EC0-EDE0BE4148F4}.Debug|x86.Build.0 = Debug|Any CPU
		{AED6E197-970F-498C-8EC0-EDE0BE4148F4}.Release|Any CPU.ActiveCfg = Release|Any CPU
		{AED6E197-970F-498C-8EC0-EDE0BE4148F4}.Release|Any CPU.Build.0 = Release|Any CPU
		{AED6E197-970F-498C-8EC0-EDE0BE4148F4}.Release|x64.ActiveCfg = Release|Any CPU
		{AED6E197-970F-498C-8EC0-EDE0BE4148F4}.Release|x64.Build.0 = Release|Any CPU
		{AED6E197-970F-498C-8EC0-EDE0BE4148F4}.Release|x86.ActiveCfg = Release|Any CPU
		{AED6E197-970F-498C-8EC0-EDE0BE4148F4}.Release|x86.Build.0 = Release|Any CPU
		{9BFB3E8B-C22A-4BE4-8CE3-87652FACF3A9}.Debug|Any CPU.ActiveCfg = Debug|Any CPU
		{9BFB3E8B-C22A-4BE4-8CE3-87652FACF3A9}.Debug|Any CPU.Build.0 = Debug|Any CPU
		{9BFB3E8B-C22A-4BE4-8CE3-87652FACF3A9}.Debug|x64.ActiveCfg = Debug|Any CPU
		{9BFB3E8B-C22A-4BE4-8CE3-87652FACF3A9}.Debug|x64.Build.0 = Debug|Any CPU
		{9BFB3E8B-C22A-4BE4-8CE3-87652FACF3A9}.Debug|x86.ActiveCfg = Debug|Any CPU
		{9BFB3E8B-C22A-4BE4-8CE3-87652FACF3A9}.Debug|x86.Build.0 = Debug|Any CPU
		{9BFB3E8B-C22A-4BE4-8CE3-87652FACF3A9}.Release|Any CPU.ActiveCfg = Release|Any CPU
		{9BFB3E8B-C22A-4BE4-8CE3-87652FACF3A9}.Release|Any CPU.Build.0 = Release|Any CPU
		{9BFB3E8B-C22A-4BE4-8CE3-87652FACF3A9}.Release|x64.ActiveCfg = Release|Any CPU
		{9BFB3E8B-C22A-4BE4-8CE3-87652FACF3A9}.Release|x64.Build.0 = Release|Any CPU
		{9BFB3E8B-C22A-4BE4-8CE3-87652FACF3A9}.Release|x86.ActiveCfg = Release|Any CPU
		{9BFB3E8B-C22A-4BE4-8CE3-87652FACF3A9}.Release|x86.Build.0 = Release|Any CPU
		{68F9E9B9-8C3F-410C-8A04-CFF73AE0C58F}.Debug|Any CPU.ActiveCfg = Debug|Any CPU
		{68F9E9B9-8C3F-410C-8A04-CFF73AE0C58F}.Debug|Any CPU.Build.0 = Debug|Any CPU
		{68F9E9B9-8C3F-410C-8A04-CFF73AE0C58F}.Debug|x64.ActiveCfg = Debug|Any CPU
		{68F9E9B9-8C3F-410C-8A04-CFF73AE0C58F}.Debug|x64.Build.0 = Debug|Any CPU
		{68F9E9B9-8C3F-410C-8A04-CFF73AE0C58F}.Debug|x86.ActiveCfg = Debug|Any CPU
		{68F9E9B9-8C3F-410C-8A04-CFF73AE0C58F}.Debug|x86.Build.0 = Debug|Any CPU
		{68F9E9B9-8C3F-410C-8A04-CFF73AE0C58F}.Release|Any CPU.ActiveCfg = Release|Any CPU
		{68F9E9B9-8C3F-410C-8A04-CFF73AE0C58F}.Release|Any CPU.Build.0 = Release|Any CPU
		{68F9E9B9-8C3F-410C-8A04-CFF73AE0C58F}.Release|x64.ActiveCfg = Release|Any CPU
		{68F9E9B9-8C3F-410C-8A04-CFF73AE0C58F}.Release|x64.Build.0 = Release|Any CPU
		{68F9E9B9-8C3F-410C-8A04-CFF73AE0C58F}.Release|x86.ActiveCfg = Release|Any CPU
		{68F9E9B9-8C3F-410C-8A04-CFF73AE0C58F}.Release|x86.Build.0 = Release|Any CPU
		{D29CAC12-3D94-45EC-9DBB-6B0399409448}.Debug|Any CPU.ActiveCfg = Debug|Any CPU
		{D29CAC12-3D94-45EC-9DBB-6B0399409448}.Debug|Any CPU.Build.0 = Debug|Any CPU
		{D29CAC12-3D94-45EC-9DBB-6B0399409448}.Debug|x64.ActiveCfg = Debug|Any CPU
		{D29CAC12-3D94-45EC-9DBB-6B0399409448}.Debug|x64.Build.0 = Debug|Any CPU
		{D29CAC12-3D94-45EC-9DBB-6B0399409448}.Debug|x86.ActiveCfg = Debug|Any CPU
		{D29CAC12-3D94-45EC-9DBB-6B0399409448}.Debug|x86.Build.0 = Debug|Any CPU
		{D29CAC12-3D94-45EC-9DBB-6B0399409448}.Release|Any CPU.ActiveCfg = Release|Any CPU
		{D29CAC12-3D94-45EC-9DBB-6B0399409448}.Release|Any CPU.Build.0 = Release|Any CPU
		{D29CAC12-3D94-45EC-9DBB-6B0399409448}.Release|x64.ActiveCfg = Release|Any CPU
		{D29CAC12-3D94-45EC-9DBB-6B0399409448}.Release|x64.Build.0 = Release|Any CPU
		{D29CAC12-3D94-45EC-9DBB-6B0399409448}.Release|x86.ActiveCfg = Release|Any CPU
		{D29CAC12-3D94-45EC-9DBB-6B0399409448}.Release|x86.Build.0 = Release|Any CPU
		{45DF9602-0CF9-4718-8317-97FD3C34026F}.Debug|Any CPU.ActiveCfg = Debug|Any CPU
		{45DF9602-0CF9-4718-8317-97FD3C34026F}.Debug|Any CPU.Build.0 = Debug|Any CPU
		{45DF9602-0CF9-4718-8317-97FD3C34026F}.Debug|x64.ActiveCfg = Debug|Any CPU
		{45DF9602-0CF9-4718-8317-97FD3C34026F}.Debug|x64.Build.0 = Debug|Any CPU
		{45DF9602-0CF9-4718-8317-97FD3C34026F}.Debug|x86.ActiveCfg = Debug|Any CPU
		{45DF9602-0CF9-4718-8317-97FD3C34026F}.Debug|x86.Build.0 = Debug|Any CPU
		{45DF9602-0CF9-4718-8317-97FD3C34026F}.Release|Any CPU.ActiveCfg = Release|Any CPU
		{45DF9602-0CF9-4718-8317-97FD3C34026F}.Release|Any CPU.Build.0 = Release|Any CPU
		{45DF9602-0CF9-4718-8317-97FD3C34026F}.Release|x64.ActiveCfg = Release|Any CPU
		{45DF9602-0CF9-4718-8317-97FD3C34026F}.Release|x64.Build.0 = Release|Any CPU
		{45DF9602-0CF9-4718-8317-97FD3C34026F}.Release|x86.ActiveCfg = Release|Any CPU
		{45DF9602-0CF9-4718-8317-97FD3C34026F}.Release|x86.Build.0 = Release|Any CPU
		{DB6182F6-5591-4556-AA06-8F8526173885}.Debug|Any CPU.ActiveCfg = Debug|Any CPU
		{DB6182F6-5591-4556-AA06-8F8526173885}.Debug|Any CPU.Build.0 = Debug|Any CPU
		{DB6182F6-5591-4556-AA06-8F8526173885}.Debug|x64.ActiveCfg = Debug|Any CPU
		{DB6182F6-5591-4556-AA06-8F8526173885}.Debug|x64.Build.0 = Debug|Any CPU
		{DB6182F6-5591-4556-AA06-8F8526173885}.Debug|x86.ActiveCfg = Debug|Any CPU
		{DB6182F6-5591-4556-AA06-8F8526173885}.Debug|x86.Build.0 = Debug|Any CPU
		{DB6182F6-5591-4556-AA06-8F8526173885}.Release|Any CPU.ActiveCfg = Release|Any CPU
		{DB6182F6-5591-4556-AA06-8F8526173885}.Release|Any CPU.Build.0 = Release|Any CPU
		{DB6182F6-5591-4556-AA06-8F8526173885}.Release|x64.ActiveCfg = Release|Any CPU
		{DB6182F6-5591-4556-AA06-8F8526173885}.Release|x64.Build.0 = Release|Any CPU
		{DB6182F6-5591-4556-AA06-8F8526173885}.Release|x86.ActiveCfg = Release|Any CPU
		{DB6182F6-5591-4556-AA06-8F8526173885}.Release|x86.Build.0 = Release|Any CPU
		{1F9851D5-4E55-4FA6-B5DD-D5DC1EBF6CCF}.Debug|Any CPU.ActiveCfg = Debug|Any CPU
		{1F9851D5-4E55-4FA6-B5DD-D5DC1EBF6CCF}.Debug|Any CPU.Build.0 = Debug|Any CPU
		{1F9851D5-4E55-4FA6-B5DD-D5DC1EBF6CCF}.Debug|x64.ActiveCfg = Debug|Any CPU
		{1F9851D5-4E55-4FA6-B5DD-D5DC1EBF6CCF}.Debug|x64.Build.0 = Debug|Any CPU
		{1F9851D5-4E55-4FA6-B5DD-D5DC1EBF6CCF}.Debug|x86.ActiveCfg = Debug|Any CPU
		{1F9851D5-4E55-4FA6-B5DD-D5DC1EBF6CCF}.Debug|x86.Build.0 = Debug|Any CPU
		{1F9851D5-4E55-4FA6-B5DD-D5DC1EBF6CCF}.Release|Any CPU.ActiveCfg = Release|Any CPU
		{1F9851D5-4E55-4FA6-B5DD-D5DC1EBF6CCF}.Release|Any CPU.Build.0 = Release|Any CPU
		{1F9851D5-4E55-4FA6-B5DD-D5DC1EBF6CCF}.Release|x64.ActiveCfg = Release|Any CPU
		{1F9851D5-4E55-4FA6-B5DD-D5DC1EBF6CCF}.Release|x64.Build.0 = Release|Any CPU
		{1F9851D5-4E55-4FA6-B5DD-D5DC1EBF6CCF}.Release|x86.ActiveCfg = Release|Any CPU
		{1F9851D5-4E55-4FA6-B5DD-D5DC1EBF6CCF}.Release|x86.Build.0 = Release|Any CPU
		{63F29819-1333-4DB4-9ED1-5A5D51916A69}.Debug|Any CPU.ActiveCfg = Debug|Any CPU
		{63F29819-1333-4DB4-9ED1-5A5D51916A69}.Debug|Any CPU.Build.0 = Debug|Any CPU
		{63F29819-1333-4DB4-9ED1-5A5D51916A69}.Debug|x64.ActiveCfg = Debug|Any CPU
		{63F29819-1333-4DB4-9ED1-5A5D51916A69}.Debug|x64.Build.0 = Debug|Any CPU
		{63F29819-1333-4DB4-9ED1-5A5D51916A69}.Debug|x86.ActiveCfg = Debug|Any CPU
		{63F29819-1333-4DB4-9ED1-5A5D51916A69}.Debug|x86.Build.0 = Debug|Any CPU
		{63F29819-1333-4DB4-9ED1-5A5D51916A69}.Release|Any CPU.ActiveCfg = Release|Any CPU
		{63F29819-1333-4DB4-9ED1-5A5D51916A69}.Release|Any CPU.Build.0 = Release|Any CPU
		{63F29819-1333-4DB4-9ED1-5A5D51916A69}.Release|x64.ActiveCfg = Release|Any CPU
		{63F29819-1333-4DB4-9ED1-5A5D51916A69}.Release|x64.Build.0 = Release|Any CPU
		{63F29819-1333-4DB4-9ED1-5A5D51916A69}.Release|x86.ActiveCfg = Release|Any CPU
		{63F29819-1333-4DB4-9ED1-5A5D51916A69}.Release|x86.Build.0 = Release|Any CPU
	EndGlobalSection
	GlobalSection(SolutionProperties) = preSolution
		HideSolutionNode = FALSE
	EndGlobalSection
	GlobalSection(ExtensibilityGlobals) = postSolution
		SolutionGuid = {28F95BD2-9974-4860-A3C0-9E0971EC1348}
	EndGlobalSection
EndGlobal
